
Microsoft Visual Studio Solution File, Format Version 12.00
# Visual Studio Version 17
VisualStudioVersion = 17.1.32210.238
MinimumVisualStudioVersion = 10.0.40219.1
Project("{FAE04EC0-301F-11D3-BF4B-00C04F79EFBC}") = "Exercicio 6", "Exercicio 6.csproj", "{55C856DB-F349-4429-BC6E-6CCA5DAA51AB}"
EndProject
Global
	GlobalSection(SolutionConfigurationPlatforms) = preSolution
		Debug|Any CPU = Debug|Any CPU
		Release|Any CPU = Release|Any CPU
	EndGlobalSection
	GlobalSection(ProjectConfigurationPlatforms) = postSolution
		{55C856DB-F349-4429-BC6E-6CCA5DAA51AB}.Debug|Any CPU.ActiveCfg = Debug|Any CPU
		{55C856DB-F349-4429-BC6E-6CCA5DAA51AB}.Debug|Any CPU.Build.0 = Debug|Any CPU
		{55C856DB-F349-4429-BC6E-6CCA5DAA51AB}.Release|Any CPU.ActiveCfg = Release|Any CPU
		{55C856DB-F349-4429-BC6E-6CCA5DAA51AB}.Release|Any CPU.Build.0 = Release|Any CPU
	EndGlobalSection
	GlobalSection(SolutionProperties) = preSolution
		HideSolutionNode = FALSE
	EndGlobalSection
	GlobalSection(ExtensibilityGlobals) = postSolution
		SolutionGuid = {2BC709BA-AC79-4183-A708-BDCFB68A5168}
	EndGlobalSection
EndGlobal
