
Microsoft Visual Studio Solution File, Format Version 12.00
# Visual Studio Version 17
VisualStudioVersion = 17.1.32414.318
MinimumVisualStudioVersion = 10.0.40219.1
Project("{FAE04EC0-301F-11D3-BF4B-00C04F79EFBC}") = "ConsoleApp3", "ConsoleApp3.csproj", "{5BA73EEA-A3CE-47AD-9440-9D4FEB500DE7}"
EndProject
Global
	GlobalSection(SolutionConfigurationPlatforms) = preSolution
		Debug|Any CPU = Debug|Any CPU
		Release|Any CPU = Release|Any CPU
	EndGlobalSection
	GlobalSection(ProjectConfigurationPlatforms) = postSolution
		{5BA73EEA-A3CE-47AD-9440-9D4FEB500DE7}.Debug|Any CPU.ActiveCfg = Debug|Any CPU
		{5BA73EEA-A3CE-47AD-9440-9D4FEB500DE7}.Debug|Any CPU.Build.0 = Debug|Any CPU
		{5BA73EEA-A3CE-47AD-9440-9D4FEB500DE7}.Release|Any CPU.ActiveCfg = Release|Any CPU
		{5BA73EEA-A3CE-47AD-9440-9D4FEB500DE7}.Release|Any CPU.Build.0 = Release|Any CPU
	EndGlobalSection
	GlobalSection(SolutionProperties) = preSolution
		HideSolutionNode = FALSE
	EndGlobalSection
	GlobalSection(ExtensibilityGlobals) = postSolution
		SolutionGuid = {B9EAF0D8-FB18-4DA0-A3CB-545CF9B52B6A}
	EndGlobalSection
EndGlobal
