
Microsoft Visual Studio Solution File, Format Version 12.00
# Visual Studio Version 17
VisualStudioVersion = 17.1.32210.238
MinimumVisualStudioVersion = 10.0.40219.1
Project("{FAE04EC0-301F-11D3-BF4B-00C04F79EFBC}") = "Exercicio 1", "Exercicio 1.csproj", "{B982FC97-C64E-47D8-ADB7-2305D25CDF43}"
EndProject
Global
	GlobalSection(SolutionConfigurationPlatforms) = preSolution
		Debug|Any CPU = Debug|Any CPU
		Release|Any CPU = Release|Any CPU
	EndGlobalSection
	GlobalSection(ProjectConfigurationPlatforms) = postSolution
		{B982FC97-C64E-47D8-ADB7-2305D25CDF43}.Debug|Any CPU.ActiveCfg = Debug|Any CPU
		{B982FC97-C64E-47D8-ADB7-2305D25CDF43}.Debug|Any CPU.Build.0 = Debug|Any CPU
		{B982FC97-C64E-47D8-ADB7-2305D25CDF43}.Release|Any CPU.ActiveCfg = Release|Any CPU
		{B982FC97-C64E-47D8-ADB7-2305D25CDF43}.Release|Any CPU.Build.0 = Release|Any CPU
	EndGlobalSection
	GlobalSection(SolutionProperties) = preSolution
		HideSolutionNode = FALSE
	EndGlobalSection
	GlobalSection(ExtensibilityGlobals) = postSolution
		SolutionGuid = {D3A94814-CD78-4C24-A84D-8759FD0C5E1F}
	EndGlobalSection
EndGlobal
