
Microsoft Visual Studio Solution File, Format Version 12.00
# Visual Studio Version 17
VisualStudioVersion = 17.1.32210.238
MinimumVisualStudioVersion = 10.0.40219.1
Project("{FAE04EC0-301F-11D3-BF4B-00C04F79EFBC}") = "Exercicio 5", "Exercicio 5.csproj", "{DCF1F8AF-9A34-43D0-A309-0AFC49830AA1}"
EndProject
Global
	GlobalSection(SolutionConfigurationPlatforms) = preSolution
		Debug|Any CPU = Debug|Any CPU
		Release|Any CPU = Release|Any CPU
	EndGlobalSection
	GlobalSection(ProjectConfigurationPlatforms) = postSolution
		{DCF1F8AF-9A34-43D0-A309-0AFC49830AA1}.Debug|Any CPU.ActiveCfg = Debug|Any CPU
		{DCF1F8AF-9A34-43D0-A309-0AFC49830AA1}.Debug|Any CPU.Build.0 = Debug|Any CPU
		{DCF1F8AF-9A34-43D0-A309-0AFC49830AA1}.Release|Any CPU.ActiveCfg = Release|Any CPU
		{DCF1F8AF-9A34-43D0-A309-0AFC49830AA1}.Release|Any CPU.Build.0 = Release|Any CPU
	EndGlobalSection
	GlobalSection(SolutionProperties) = preSolution
		HideSolutionNode = FALSE
	EndGlobalSection
	GlobalSection(ExtensibilityGlobals) = postSolution
		SolutionGuid = {E8E18636-45A9-454D-B506-918F0E8C7198}
	EndGlobalSection
EndGlobal
