
Microsoft Visual Studio Solution File, Format Version 12.00
# Visual Studio Version 17
VisualStudioVersion = 17.1.32210.238
MinimumVisualStudioVersion = 10.0.40219.1
Project("{FAE04EC0-301F-11D3-BF4B-00C04F79EFBC}") = "Exercicio 2", "Exercicio 2.csproj", "{81F0DAFE-5AC4-415F-B772-FA3F54EAD9CE}"
EndProject
Global
	GlobalSection(SolutionConfigurationPlatforms) = preSolution
		Debug|Any CPU = Debug|Any CPU
		Release|Any CPU = Release|Any CPU
	EndGlobalSection
	GlobalSection(ProjectConfigurationPlatforms) = postSolution
		{81F0DAFE-5AC4-415F-B772-FA3F54EAD9CE}.Debug|Any CPU.ActiveCfg = Debug|Any CPU
		{81F0DAFE-5AC4-415F-B772-FA3F54EAD9CE}.Debug|Any CPU.Build.0 = Debug|Any CPU
		{81F0DAFE-5AC4-415F-B772-FA3F54EAD9CE}.Release|Any CPU.ActiveCfg = Release|Any CPU
		{81F0DAFE-5AC4-415F-B772-FA3F54EAD9CE}.Release|Any CPU.Build.0 = Release|Any CPU
	EndGlobalSection
	GlobalSection(SolutionProperties) = preSolution
		HideSolutionNode = FALSE
	EndGlobalSection
	GlobalSection(ExtensibilityGlobals) = postSolution
		SolutionGuid = {2BF66FE3-D24E-4D88-9848-C87E60AE09B9}
	EndGlobalSection
EndGlobal
