
Microsoft Visual Studio Solution File, Format Version 12.00
# Visual Studio Version 17
VisualStudioVersion = 17.1.32210.238
MinimumVisualStudioVersion = 10.0.40219.1
Project("{FAE04EC0-301F-11D3-BF4B-00C04F79EFBC}") = "Exercicio10", "Exercicio10.csproj", "{DCEAFBB8-1623-41A5-94A0-AAECAE13C7B8}"
EndProject
Global
	GlobalSection(SolutionConfigurationPlatforms) = preSolution
		Debug|Any CPU = Debug|Any CPU
		Release|Any CPU = Release|Any CPU
	EndGlobalSection
	GlobalSection(ProjectConfigurationPlatforms) = postSolution
		{DCEAFBB8-1623-41A5-94A0-AAECAE13C7B8}.Debug|Any CPU.ActiveCfg = Debug|Any CPU
		{DCEAFBB8-1623-41A5-94A0-AAECAE13C7B8}.Debug|Any CPU.Build.0 = Debug|Any CPU
		{DCEAFBB8-1623-41A5-94A0-AAECAE13C7B8}.Release|Any CPU.ActiveCfg = Release|Any CPU
		{DCEAFBB8-1623-41A5-94A0-AAECAE13C7B8}.Release|Any CPU.Build.0 = Release|Any CPU
	EndGlobalSection
	GlobalSection(SolutionProperties) = preSolution
		HideSolutionNode = FALSE
	EndGlobalSection
	GlobalSection(ExtensibilityGlobals) = postSolution
		SolutionGuid = {483FABA1-51B2-47ED-B6AB-076E476A4F2A}
	EndGlobalSection
EndGlobal
