
Microsoft Visual Studio Solution File, Format Version 12.00
# Visual Studio Version 17
VisualStudioVersion = 17.1.32210.238
MinimumVisualStudioVersion = 10.0.40219.1
Project("{FAE04EC0-301F-11D3-BF4B-00C04F79EFBC}") = "Exercicio16", "Exercicio16.csproj", "{B0CAD615-68C5-4ACD-834B-24E6E1C27A67}"
EndProject
Global
	GlobalSection(SolutionConfigurationPlatforms) = preSolution
		Debug|Any CPU = Debug|Any CPU
		Release|Any CPU = Release|Any CPU
	EndGlobalSection
	GlobalSection(ProjectConfigurationPlatforms) = postSolution
		{B0CAD615-68C5-4ACD-834B-24E6E1C27A67}.Debug|Any CPU.ActiveCfg = Debug|Any CPU
		{B0CAD615-68C5-4ACD-834B-24E6E1C27A67}.Debug|Any CPU.Build.0 = Debug|Any CPU
		{B0CAD615-68C5-4ACD-834B-24E6E1C27A67}.Release|Any CPU.ActiveCfg = Release|Any CPU
		{B0CAD615-68C5-4ACD-834B-24E6E1C27A67}.Release|Any CPU.Build.0 = Release|Any CPU
	EndGlobalSection
	GlobalSection(SolutionProperties) = preSolution
		HideSolutionNode = FALSE
	EndGlobalSection
	GlobalSection(ExtensibilityGlobals) = postSolution
		SolutionGuid = {44B58BD7-A404-4132-B0C8-7F5BF54C7D10}
	EndGlobalSection
EndGlobal
